
Microsoft Visual Studio Solution File, Format Version 12.00
# Visual Studio Version 16
VisualStudioVersion = 16.0.31019.35
MinimumVisualStudioVersion = 10.0.40219.1
Project("{FAE04EC0-301F-11D3-BF4B-00C04F79EFBC}") = "MovieWebApp", "MovieWebApp\MovieWebApp.csproj", "{802870E8-2E9D-4AE8-8070-6194E37E0912}"
EndProject
Global
	GlobalSection(SolutionConfigurationPlatforms) = preSolution
		Debug|Any CPU = Debug|Any CPU
		Release|Any CPU = Release|Any CPU
	EndGlobalSection
	GlobalSection(ProjectConfigurationPlatforms) = postSolution
		{802870E8-2E9D-4AE8-8070-6194E37E0912}.Debug|Any CPU.ActiveCfg = Debug|Any CPU
		{802870E8-2E9D-4AE8-8070-6194E37E0912}.Debug|Any CPU.Build.0 = Debug|Any CPU
		{802870E8-2E9D-4AE8-8070-6194E37E0912}.Release|Any CPU.ActiveCfg = Release|Any CPU
		{802870E8-2E9D-4AE8-8070-6194E37E0912}.Release|Any CPU.Build.0 = Release|Any CPU
	EndGlobalSection
	GlobalSection(SolutionProperties) = preSolution
		HideSolutionNode = FALSE
	EndGlobalSection
	GlobalSection(ExtensibilityGlobals) = postSolution
		SolutionGuid = {A8DD4574-63CF-4603-91D8-64B3F3F8367B}
	EndGlobalSection
EndGlobal
